
Microsoft Visual Studio Solution File, Format Version 12.00
# Visual Studio 2013
VisualStudioVersion = 12.0.21005.1
MinimumVisualStudioVersion = 10.0.40219.1
Project("{FAE04EC0-301F-11D3-BF4B-00C04F79EFBC}") = "BackendAPI", "BackendAPI\BackendAPI.csproj", "{72FDB6B4-6215-475D-AA48-F976C1952DBA}"
EndProject
Project("{FAE04EC0-301F-11D3-BF4B-00C04F79EFBC}") = "WebApp", "WebApp\WebApp.csproj", "{F1F7FE08-84C5-4AF0-98DC-501E052A4414}"
EndProject
Project("{00D1A9C2-B5F0-4AF3-8072-F6C62B433612}") = "DatabaseCSW", "DatabaseCSW\DatabaseCSW.sqlproj", "{70C2E50F-DDC0-4098-9837-32FA25D908A8}"
EndProject
Global
	GlobalSection(SolutionConfigurationPlatforms) = preSolution
		Debug|Any CPU = Debug|Any CPU
		Release|Any CPU = Release|Any CPU
	EndGlobalSection
	GlobalSection(ProjectConfigurationPlatforms) = postSolution
		{72FDB6B4-6215-475D-AA48-F976C1952DBA}.Debug|Any CPU.ActiveCfg = Debug|Any CPU
		{72FDB6B4-6215-475D-AA48-F976C1952DBA}.Debug|Any CPU.Build.0 = Debug|Any CPU
		{72FDB6B4-6215-475D-AA48-F976C1952DBA}.Release|Any CPU.ActiveCfg = Release|Any CPU
		{72FDB6B4-6215-475D-AA48-F976C1952DBA}.Release|Any CPU.Build.0 = Release|Any CPU
		{F1F7FE08-84C5-4AF0-98DC-501E052A4414}.Debug|Any CPU.ActiveCfg = Debug|Any CPU
		{F1F7FE08-84C5-4AF0-98DC-501E052A4414}.Debug|Any CPU.Build.0 = Debug|Any CPU
		{F1F7FE08-84C5-4AF0-98DC-501E052A4414}.Release|Any CPU.ActiveCfg = Release|Any CPU
		{F1F7FE08-84C5-4AF0-98DC-501E052A4414}.Release|Any CPU.Build.0 = Release|Any CPU
		{70C2E50F-DDC0-4098-9837-32FA25D908A8}.Debug|Any CPU.ActiveCfg = Debug|Any CPU
		{70C2E50F-DDC0-4098-9837-32FA25D908A8}.Debug|Any CPU.Build.0 = Debug|Any CPU
		{70C2E50F-DDC0-4098-9837-32FA25D908A8}.Debug|Any CPU.Deploy.0 = Debug|Any CPU
		{70C2E50F-DDC0-4098-9837-32FA25D908A8}.Release|Any CPU.ActiveCfg = Release|Any CPU
		{70C2E50F-DDC0-4098-9837-32FA25D908A8}.Release|Any CPU.Build.0 = Release|Any CPU
		{70C2E50F-DDC0-4098-9837-32FA25D908A8}.Release|Any CPU.Deploy.0 = Release|Any CPU
	EndGlobalSection
	GlobalSection(SolutionProperties) = preSolution
		HideSolutionNode = FALSE
	EndGlobalSection
EndGlobal
